
Microsoft Visual Studio Solution File, Format Version 12.00
# Visual Studio Version 17
VisualStudioVersion = 17.7.34031.279
MinimumVisualStudioVersion = 10.0.40219.1
Project("{9A19103F-16F7-4668-BE54-9A1E7A4F7556}") = "WineCellarManagerItems", "WineCellarManagerItems.csproj", "{A5F3E483-A1A9-4AD9-97C4-60D5A50D0980}"
EndProject
Project("{2150E333-8FDC-42A3-9474-1A3956D46DE8}") = "Elementi di soluzione", "Elementi di soluzione", "{A729FF47-FC87-41EF-B6F8-DBCA5EA12869}"
	ProjectSection(SolutionItems) = preProject
		wine.cs = wine.cs
	EndProjectSection
EndProject
Project("{9A19103F-16F7-4668-BE54-9A1E7A4F7556}") = "WineBottleTest", "..\WineBottleTest\WineBottleTest.csproj", "{69C0A543-3463-4C40-80D3-0D30775EDCB9}"
EndProject
Project("{9A19103F-16F7-4668-BE54-9A1E7A4F7556}") = "WineBottleManagerForm", "..\WineBottleManagerForm\WineBottleManagerForm.csproj", "{CE3D354A-4DE2-4A15-817C-3DFC59A949AB}"
EndProject
Global
	GlobalSection(SolutionConfigurationPlatforms) = preSolution
		Debug|Any CPU = Debug|Any CPU
		Release|Any CPU = Release|Any CPU
	EndGlobalSection
	GlobalSection(ProjectConfigurationPlatforms) = postSolution
		{A5F3E483-A1A9-4AD9-97C4-60D5A50D0980}.Debug|Any CPU.ActiveCfg = Debug|Any CPU
		{A5F3E483-A1A9-4AD9-97C4-60D5A50D0980}.Debug|Any CPU.Build.0 = Debug|Any CPU
		{A5F3E483-A1A9-4AD9-97C4-60D5A50D0980}.Release|Any CPU.ActiveCfg = Release|Any CPU
		{A5F3E483-A1A9-4AD9-97C4-60D5A50D0980}.Release|Any CPU.Build.0 = Release|Any CPU
		{69C0A543-3463-4C40-80D3-0D30775EDCB9}.Debug|Any CPU.ActiveCfg = Debug|Any CPU
		{69C0A543-3463-4C40-80D3-0D30775EDCB9}.Debug|Any CPU.Build.0 = Debug|Any CPU
		{69C0A543-3463-4C40-80D3-0D30775EDCB9}.Release|Any CPU.ActiveCfg = Release|Any CPU
		{69C0A543-3463-4C40-80D3-0D30775EDCB9}.Release|Any CPU.Build.0 = Release|Any CPU
		{CE3D354A-4DE2-4A15-817C-3DFC59A949AB}.Debug|Any CPU.ActiveCfg = Debug|Any CPU
		{CE3D354A-4DE2-4A15-817C-3DFC59A949AB}.Debug|Any CPU.Build.0 = Debug|Any CPU
		{CE3D354A-4DE2-4A15-817C-3DFC59A949AB}.Release|Any CPU.ActiveCfg = Release|Any CPU
		{CE3D354A-4DE2-4A15-817C-3DFC59A949AB}.Release|Any CPU.Build.0 = Release|Any CPU
	EndGlobalSection
	GlobalSection(SolutionProperties) = preSolution
		HideSolutionNode = FALSE
	EndGlobalSection
	GlobalSection(ExtensibilityGlobals) = postSolution
		SolutionGuid = {696304FE-E413-494B-9CE5-5FC6DE077778}
	EndGlobalSection
EndGlobal
